// !$*UTF8*$!
{
	archiveVersion = 1;
	classes = {
	};
	objectVersion = 50;
	objects = {

/* Begin PBXBuildFile section */
		D97D32CF209956380059D744 /* AppDelegate.m in Sources */ = {isa = PBXBuildFile; fileRef = D97D32CE209956380059D744 /* AppDelegate.m */; };
		D97D32D2209956380059D744 /* ViewController.m in Sources */ = {isa = PBXBuildFile; fileRef = D97D32D1209956380059D744 /* ViewController.m */; };
		D97D32D7209956390059D744 /* Assets.xcassets in Resources */ = {isa = PBXBuildFile; fileRef = D97D32D6209956390059D744 /* Assets.xcassets */; };
		D97D32DA209956390059D744 /* LaunchScreen.storyboard in Resources */ = {isa = PBXBuildFile; fileRef = D97D32D8209956390059D744 /* LaunchScreen.storyboard */; };
		D97D32DD209956390059D744 /* main.m in Sources */ = {isa = PBXBuildFile; fileRef = D97D32DC209956390059D744 /* main.m */; };
		D97D32E5209956550059D744 /* ZZGestureLockView.m in Sources */ = {isa = PBXBuildFile; fileRef = D97D32E4209956550059D744 /* ZZGestureLockView.m */; };
/* End PBXBuildFile section */

/* Begin PBXFileReference section */
		D97D32CA209956380059D744 /* ZZGestureLockView.app */ = {isa = PBXFileReference; explicitFileType = wrapper.application; includeInIndex = 0; path = ZZGestureLockView.app; sourceTree = BUILT_PRODUCTS_DIR; };
		D97D32CD209956380059D744 /* AppDelegate.h */ = {isa = PBXFileReference; lastKnownFileType = sourcecode.c.h; path = AppDelegate.h; sourceTree = "<group>"; };
		D97D32CE209956380059D744 /* AppDelegate.m */ = {isa = PBXFileReference; lastKnownFileType = sourcecode.c.objc; path = AppDelegate.m; sourceTree = "<group>"; };
		D97D32D0209956380059D744 /* ViewController.h */ = {isa = PBXFileReference; lastKnownFileType = sourcecode.c.h; path = ViewController.h; sourceTree = "<group>"; };
		D97D32D1209956380059D744 /* ViewController.m */ = {isa = PBXFileReference; lastKnownFileType = sourcecode.c.objc; path = ViewController.m; sourceTree = "<group>"; };
		D97D32D6209956390059D744 /* Assets.xcassets */ = {isa = PBXFileReference; lastKnownFileType = folder.assetcatalog; path = Assets.xcassets; sourceTree = "<group>"; };
		D97D32D9209956390059D744 /* Base */ = {isa = PBXFileReference; lastKnownFileType = file.storyboard; name = Base; path = Base.lproj/LaunchScreen.storyboard; sourceTree = "<group>"; };
		D97D32DB209956390059D744 /* Info.plist */ = {isa = PBXFileReference; lastKnownFileType = text.plist.xml; path = Info.plist; sourceTree = "<group>"; };
		D97D32DC209956390059D744 /* main.m */ = {isa = PBXFileReference; lastKnownFileType = sourcecode.c.objc; path = main.m; sourceTree = "<group>"; };
		D97D32E3209956550059D744 /* ZZGestureLockView.h */ = {isa = PBXFileReference; lastKnownFileType = sourcecode.c.h; path = ZZGestureLockView.h; sourceTree = "<group>"; };
		D97D32E4209956550059D744 /* ZZGestureLockView.m */ = {isa = PBXFileReference; lastKnownFileType = sourcecode.c.objc; path = ZZGestureLockView.m; sourceTree = "<group>"; };
/* End PBXFileReference section */

/* Begin PBXFrameworksBuildPhase section */
		D97D32C7209956380059D744 /* Frameworks */ = {
			isa = PBXFrameworksBuildPhase;
			buildActionMask = 2147483647;
			files = (
			);
			runOnlyForDeploymentPostprocessing = 0;
		};
/* End PBXFrameworksBuildPhase section */

/* Begin PBXGroup section */
		D97D32C1209956380059D744 = {
			isa = PBXGroup;
			children = (
				D97D32CC209956380059D744 /* ZZGestureLockView */,
				D97D32CB209956380059D744 /* Products */,
			);
			sourceTree = "<group>";
		};
		D97D32CB209956380059D744 /* Products */ = {
			isa = PBXGroup;
			children = (
				D97D32CA209956380059D744 /* ZZGestureLockView.app */,
			);
			name = Products;
			sourceTree = "<group>";
		};
		D97D32CC209956380059D744 /* ZZGestureLockView */ = {
			isa = PBXGroup;
			children = (
				D97D32E3209956550059D744 /* ZZGestureLockView.h */,
				D97D32E4209956550059D744 /* ZZGestureLockView.m */,
				D97D32CD209956380059D744 /* AppDelegate.h */,
				D97D32CE209956380059D744 /* AppDelegate.m */,
				D97D32D0209956380059D744 /* ViewController.h */,
				D97D32D1209956380059D744 /* ViewController.m */,
				D97D32D6209956390059D744 /* Assets.xcassets */,
				D97D32D8209956390059D744 /* LaunchScreen.storyboard */,
				D97D32DB209956390059D744 /* Info.plist */,
				D97D32DC209956390059D744 /* main.m */,
			);
			path = ZZGestureLockView;
			sourceTree = "<group>";
		};
/* End PBXGroup section */

/* Begin PBXNativeTarget section */
		D97D32C9209956380059D744 /* ZZGestureLockView */ = {
			isa = PBXNativeTarget;
			buildConfigurationList = D97D32E0209956390059D744 /* Build configuration list for PBXNativeTarget "ZZGestureLockView" */;
			buildPhases = (
				D97D32C6209956380059D744 /* Sources */,
				D97D32C7209956380059D744 /* Frameworks */,
				D97D32C8209956380059D744 /* Resources */,
			);
			buildRules = (
			);
			dependencies = (
			);
			name = ZZGestureLockView;
			productName = ZZGestureLockView;
			productReference = D97D32CA209956380059D744 /* ZZGestureLockView.app */;
			productType = "com.apple.product-type.application";
		};
/* End PBXNativeTarget section */

/* Begin PBXProject section */
		D97D32C2209956380059D744 /* Project object */ = {
			isa = PBXProject;
			attributes = {
				LastUpgradeCheck = 0930;
				ORGANIZATIONNAME = zx;
				TargetAttributes = {
					D97D32C9209956380059D744 = {
						CreatedOnToolsVersion = 9.3;
					};
				};
			};
			buildConfigurationList = D97D32C5209956380059D744 /* Build configuration list for PBXProject "ZZGestureLockView" */;
			compatibilityVersion = "Xcode 9.3";
			developmentRegion = en;
			hasScannedForEncodings = 0;
			knownRegions = (
				en,
				Base,
			);
			mainGroup = D97D32C1209956380059D744;
			productRefGroup = D97D32CB209956380059D744 /* Products */;
			projectDirPath = "";
			projectRoot = "";
			targets = (
				D97D32C9209956380059D744 /* ZZGestureLockView */,
			);
		};
/* End PBXProject section */

/* Begin PBXResourcesBuildPhase section */
		D97D32C8209956380059D744 /* Resources */ = {
			isa = PBXResourcesBuildPhase;
			buildActionMask = 2147483647;
			files = (
				D97D32DA209956390059D744 /* LaunchScreen.storyboard in Resources */,
				D97D32D7209956390059D744 /* Assets.xcassets in Resources */,
			);
			runOnlyForDeploymentPostprocessing = 0;
		};
/* End PBXResourcesBuildPhase section */

/* Begin PBXSourcesBuildPhase section */
		D97D32C6209956380059D744 /* Sources */ = {
			isa = PBXSourcesBuildPhase;
			buildActionMask = 2147483647;
			files = (
				D97D32D2209956380059D744 /* ViewController.m in Sources */,
				D97D32E5209956550059D744 /* ZZGestureLockView.m in Sources */,
				D97D32DD209956390059D744 /* main.m in Sources */,
				D97D32CF209956380059D744 /* AppDelegate.m in Sources */,
			);
			runOnlyForDeploymentPostprocessing = 0;
		};
/* End PBXSourcesBuildPhase section */

/* Begin PBXVariantGroup section */
		D97D32D8209956390059D744 /* LaunchScreen.storyboard */ = {
			isa = PBXVariantGroup;
			children = (
				D97D32D9209956390059D744 /* Base */,
			);
			name = LaunchScreen.storyboard;
			sourceTree = "<group>";
		};
/* End PBXVariantGroup section */

/* Begin XCBuildConfiguration section */
		D97D32DE209956390059D744 /* Debug */ = {
			isa = XCBuildConfiguration;
			buildSettings = {
				ALWAYS_SEARCH_USER_PATHS = NO;
				CLANG_ANALYZER_NONNULL = YES;
				CLANG_ANALYZER_NUMBER_OBJECT_CONVERSION = YES_AGGRESSIVE;
				CLANG_CXX_LANGUAGE_STANDARD = "gnu++14";
				CLANG_CXX_LIBRARY = "libc++";
				CLANG_ENABLE_MODULES = YES;
				CLANG_ENABLE_OBJC_ARC = YES;
				CLANG_ENABLE_OBJC_WEAK = YES;
				CLANG_WARN_BLOCK_CAPTURE_AUTORELEASING = YES;
				CLANG_WARN_BOOL_CONVERSION = YES;
				CLANG_WARN_COMMA = YES;
				CLANG_WARN_CONSTANT_CONVERSION = YES;
				CLANG_WARN_DEPRECATED_OBJC_IMPLEMENTATIONS = YES;
				CLANG_WARN_DIRECT_OBJC_ISA_USAGE = YES_ERROR;
				CLANG_WARN_DOCUMENTATION_COMMENTS = YES;
				CLANG_WARN_EMPTY_BODY = YES;
				CLANG_WARN_ENUM_CONVERSION = YES;
				CLANG_WARN_INFINITE_RECURSION = YES;
				CLANG_WARN_INT_CONVERSION = YES;
				CLANG_WARN_NON_LITERAL_NULL_CONVERSION = YES;
				CLANG_WARN_OBJC_IMPLICIT_RETAIN_SELF = YES;
				CLANG_WARN_OBJC_LITERAL_CONVERSION = YES;
				CLANG_WARN_OBJC_ROOT_CLASS = YES_ERROR;
				CLANG_WARN_RANGE_LOOP_ANALYSIS = YES;
				CLANG_WARN_STRICT_PROTOTYPES = YES;
				CLANG_WARN_SUSPICIOUS_MOVE = YES;
				CLANG_WARN_UNGUARDED_AVAILABILITY = YES_AGGRESSIVE;
				CLANG_WARN_UNREACHABLE_CODE = YES;
				CLANG_WARN__DUPLICATE_METHOD_MATCH = YES;
				CODE_SIGN_IDENTITY = "iPhone Developer";
				COPY_PHASE_STRIP = NO;
				DEBUG_INFORMATION_FORMAT = dwarf;
				ENABLE_STRICT_OBJC_MSGSEND = YES;
				ENABLE_TESTABILITY = YES;
				GCC_C_LANGUAGE_STANDARD = gnu11;
				GCC_DYNAMIC_NO_PIC = NO;
				GCC_NO_COMMON_BLOCKS = YES;
				GCC_OPTIMIZATION_LEVEL = 0;
				GCC_PREPROCESSOR_DEFINITIONS = (
					"DEBUG=1",
					"$(inherited)",
				);
				GCC_WARN_64_TO_32_BIT_CONVERSION = YES;
				GCC_WARN_ABOUT_RETURN_TYPE = YES_ERROR;
				GCC_WARN_UNDECLARED_SELECTOR = YES;
				GCC_WARN_UNINITIALIZED_AUTOS = YES_AGGRESSIVE;
				GCC_WARN_UNUSED_FUNCTION = YES;
				GCC_WARN_UNUSED_VARIABLE = YES;
				IPHONEOS_DEPLOYMENT_TARGET = 11.3;
				MTL_ENABLE_DEBUG_INFO = YES;
				ONLY_ACTIVE_ARCH = YES;
				SDKROOT = iphoneos;
			};
			name = Debug;
		};
		D97D32DF209956390059D744 /* Release */ = {
			isa = XCBuildConfiguration;
			buildSettings = {
				ALWAYS_SEARCH_USER_PATHS = NO;
				CLANG_ANALYZER_NONNULL = YES;
				CLANG_ANALYZER_NUMBER_OBJECT_CONVERSION = YES_AGGRESSIVE;
				CLANG_CXX_LANGUAGE_STANDARD = "gnu++14";
				CLANG_CXX_LIBRARY = "libc++";
				CLANG_ENABLE_MODULES = YES;
				CLANG_ENABLE_OBJC_ARC = YES;
				CLANG_ENABLE_OBJC_WEAK = YES;
				CLANG_WARN_BLOCK_CAPTURE_AUTORELEASING = YES;
				CLANG_WARN_BOOL_CONVERSION = YES;
				CLANG_WARN_COMMA = YES;
				CLANG_WARN_CONSTANT_CONVERSION = YES;
				CLANG_WARN_DEPRECATED_OBJC_IMPLEMENTATIONS = YES;
				CLANG_WARN_DIRECT_OBJC_ISA_USAGE = YES_ERROR;
				CLANG_WARN_DOCUMENTATION_COMMENTS = YES;
				CLANG_WARN_EMPTY_BODY = YES;
				CLANG_WARN_ENUM_CONVERSION = YES;
				CLANG_WARN_INFINITE_RECURSION = YES;
				CLANG_WARN_INT_CONVERSION = YES;
				CLANG_WARN_NON_LITERAL_NULL_CONVERSION = YES;
				CLANG_WARN_OBJC_IMPLICIT_RETAIN_SELF = YES;
				CLANG_WARN_OBJC_LITERAL_CONVERSION = YES;
				CLANG_WARN_OBJC_ROOT_CLASS = YES_ERROR;
				CLANG_WARN_RANGE_LOOP_ANALYSIS = YES;
				CLANG_WARN_STRICT_PROTOTYPES = YES;
				CLANG_WARN_SUSPICIOUS_MOVE = YES;
				CLANG_WARN_UNGUARDED_AVAILABILITY = YES_AGGRESSIVE;
				CLANG_WARN_UNREACHABLE_CODE = YES;
				CLANG_WARN__DUPLICATE_METHOD_MATCH = YES;
				CODE_SIGN_IDENTITY = "iPhone Developer";
				COPY_PHASE_STRIP = NO;
				DEBUG_INFORMATION_FORMAT = "dwarf-with-dsym";
				ENABLE_NS_ASSERTIONS = NO;
				ENABLE_STRICT_OBJC_MSGSEND = YES;
				GCC_C_LANGUAGE_STANDARD = gnu11;
				GCC_NO_COMMON_BLOCKS = YES;
				GCC_WARN_64_TO_32_BIT_CONVERSION = YES;
				GCC_WARN_ABOUT_RETURN_TYPE = YES_ERROR;
				GCC_WARN_UNDECLARED_SELECTOR = YES;
				GCC_WARN_UNINITIALIZED_AUTOS = YES_AGGRESSIVE;
				GCC_WARN_UNUSED_FUNCTION = YES;
				GCC_WARN_UNUSED_VARIABLE = YES;
				IPHONEOS_DEPLOYMENT_TARGET = 11.3;
				MTL_ENABLE_DEBUG_INFO = NO;
				SDKROOT = iphoneos;
				VALIDATE_PRODUCT = YES;
			};
			name = Release;
		};
		D97D32E1209956390059D744 /* Debug */ = {
			isa = XCBuildConfiguration;
			buildSettings = {
				ASSETCATALOG_COMPILER_APPICON_NAME = AppIcon;
				CODE_SIGN_STYLE = Automatic;
				DEVELOPMENT_TEAM = Z5Z8637SP3;
				INFOPLIST_FILE = ZZGestureLockView/Info.plist;
				IPHONEOS_DEPLOYMENT_TARGET = 8.0;
				LD_RUNPATH_SEARCH_PATHS = (
					"$(inherited)",
					"@executable_path/Frameworks",
				);
				PRODUCT_BUNDLE_IDENTIFIER = com.zhouxing.ZZGestureLockView;
				PRODUCT_NAME = "$(TARGET_NAME)";
				TARGETED_DEVICE_FAMILY = "1,2";
			};
			name = Debug;
		};
		D97D32E2209956390059D744 /* Release */ = {
			isa = XCBuildConfiguration;
			buildSettings = {
				ASSETCATALOG_COMPILER_APPICON_NAME = AppIcon;
				CODE_SIGN_STYLE = Automatic;
				DEVELOPMENT_TEAM = Z5Z8637SP3;
				INFOPLIST_FILE = ZZGestureLockView/Info.plist;
				IPHONEOS_DEPLOYMENT_TARGET = 8.0;
				LD_RUNPATH_SEARCH_PATHS = (
					"$(inherited)",
					"@executable_path/Frameworks",
				);
				PRODUCT_BUNDLE_IDENTIFIER = com.zhouxing.ZZGestureLockView;
				PRODUCT_NAME = "$(TARGET_NAME)";
				TARGETED_DEVICE_FAMILY = "1,2";
			};
			name = Release;
		};
/* End XCBuildConfiguration section */

/* Begin XCConfigurationList section */
		D97D32C5209956380059D744 /* Build configuration list for PBXProject "ZZGestureLockView" */ = {
			isa = XCConfigurationList;
			buildConfigurations = (
				D97D32DE209956390059D744 /* Debug */,
				D97D32DF209956390059D744 /* Release */,
			);
			defaultConfigurationIsVisible = 0;
			defaultConfigurationName = Release;
		};
		D97D32E0209956390059D744 /* Build configuration list for PBXNativeTarget "ZZGestureLockView" */ = {
			isa = XCConfigurationList;
			buildConfigurations = (
				D97D32E1209956390059D744 /* Debug */,
				D97D32E2209956390059D744 /* Release */,
			);
			defaultConfigurationIsVisible = 0;
			defaultConfigurationName = Release;
		};
/* End XCConfigurationList section */
	};
	rootObject = D97D32C2209956380059D744 /* Project object */;
}
